
Microsoft Visual Studio Solution File, Format Version 12.00
# Visual Studio Version 16
VisualStudioVersion = 16.0.31624.102
MinimumVisualStudioVersion = 10.0.40219.1
Project("{9A19103F-16F7-4668-BE54-9A1E7A4F7556}") = "OpenAC.Net.Balanca", "OpenAC.Net.Balanca\OpenAC.Net.Balanca.csproj", "{C62B67A7-AC9B-40F6-A88A-935C278BDCC5}"
EndProject
Project("{FAE04EC0-301F-11D3-BF4B-00C04F79EFBC}") = "OpenAC.Net.Balanca.Demo", "OpenAC.Net.Balanca.Demo\OpenAC.Net.Balanca.Demo.csproj", "{A4928B6D-9989-4001-8D19-4BDD926DD663}"
EndProject
Global
	GlobalSection(SolutionConfigurationPlatforms) = preSolution
		Debug|Any CPU = Debug|Any CPU
		Release|Any CPU = Release|Any CPU
	EndGlobalSection
	GlobalSection(ProjectConfigurationPlatforms) = postSolution
		{C62B67A7-AC9B-40F6-A88A-935C278BDCC5}.Debug|Any CPU.ActiveCfg = Debug|Any CPU
		{C62B67A7-AC9B-40F6-A88A-935C278BDCC5}.Debug|Any CPU.Build.0 = Debug|Any CPU
		{C62B67A7-AC9B-40F6-A88A-935C278BDCC5}.Release|Any CPU.ActiveCfg = Release|Any CPU
		{C62B67A7-AC9B-40F6-A88A-935C278BDCC5}.Release|Any CPU.Build.0 = Release|Any CPU
		{A4928B6D-9989-4001-8D19-4BDD926DD663}.Debug|Any CPU.ActiveCfg = Debug|Any CPU
		{A4928B6D-9989-4001-8D19-4BDD926DD663}.Debug|Any CPU.Build.0 = Debug|Any CPU
		{A4928B6D-9989-4001-8D19-4BDD926DD663}.Release|Any CPU.ActiveCfg = Release|Any CPU
		{A4928B6D-9989-4001-8D19-4BDD926DD663}.Release|Any CPU.Build.0 = Release|Any CPU
	EndGlobalSection
	GlobalSection(SolutionProperties) = preSolution
		HideSolutionNode = FALSE
	EndGlobalSection
	GlobalSection(ExtensibilityGlobals) = postSolution
		SolutionGuid = {C2DC49F1-EC03-40D8-B9AD-BCD084B03CCB}
	EndGlobalSection
EndGlobal
